# This file is automatically @generated by Cargo.
# It is not intended for manual editing.
version = 4

[[package]]
name = "sir"
version = "0.1.0"

[[package]]
name = "sir_validate"
version = "0.1.0"
dependencies = [
 "sir",
 "vm_diag",
]

[[package]]
name = "vm_cli"
version = "0.1.0"
dependencies = [
 "vm_diag",
 "vm_eval",
 "vm_host",
]

[[package]]
name = "vm_core"
version = "0.1.0"
dependencies = [
 "sir",
 "vm_diag",
]

[[package]]
name = "vm_diag"
version = "0.1.0"

[[package]]
name = "vm_eval"
version = "0.1.0"
dependencies = [
 "vm_core",
 "vm_diag",
 "vm_runtime",
]

[[package]]
name = "vm_host"
version = "0.1.0"
dependencies = [
 "vm_core",
 "vm_runtime",
]

[[package]]
name = "vm_runtime"
version = "0.1.0"
dependencies = [
 "vm_core",
 "vm_diag",
]

[[package]]
name = "vm_tests"
version = "0.1.0"
dependencies = [
 "sir",
 "sir_validate",
 "vm_core",
 "vm_diag",
 "vm_eval",
 "vm_host",
 "vm_runtime",
]
